{
  "_readme": [
    "This file locks the dependencies of your project to a known state",
    "Read more about it at https://getcomposer.org/doc/01-basic-usage.md#installing-dependencies",
    "This file is @generated automatically"
  ],
  "content-hash": "854000ed11fef967f8e194151111d2ab",
  "packages": [
    {
      "name": "novoserve/cloudrack-type-assettag",
      "version": "1.2.1",
      "source": {
        "type": "git",
        "url": "git@github.com:novoserve/cloudrack-type-assettag.git",
        "reference": "a92a483a786714e67f1959a271171573071cab37"
      },
      "dist": {
        "type": "zip",
        "url": "https://api.github.com/repos/novoserve/cloudrack-type-assettag/zipball/a92a483a786714e67f1959a271171573071cab37",
        "reference": "a92a483a786714e67f1959a271171573071cab37",
        "shasum": ""
      },
      "require": {
        "php": ">=7.3"
      },
      "require-dev": {
        "phpunit/phpunit": "^9.5"
      },
      "type": "library",
      "autoload": {
        "psr-4": {
          "NovoServe\\Cloudrack\\Types\\": "src/"
        }
      },
      "autoload-dev": {
        "psr-4": {
          "NovoServe\\Cloudrack\\Types\\Tests\\": "tests/"
        }
      },
      "scripts": {
        "test:unit": [
          "phpunit --verbose"
        ],
        "test:coverage": [
          "@putenv XDEBUG_MODE=coverage",
          "phpunit --configuration phpunit.dist.xml"
        ]
      },
      "license": [
        "proprietary"
      ],
      "description": "Cloudrack Data Type for Asset Tags",
      "support": {
        "source": "https://github.com/novoserve/cloudrack-type-assettag/tree/1.2.1"
      },
      "time": "2023-02-09T21:16:06+00:00"
    }
  ],
  "packages-dev": [],
  "aliases": [],
  "minimum-stability": "stable",
  "stability-flags": [],
  "prefer-stable": false,
  "prefer-lowest": false,
  "platform": {
    "php": "^7.4 || ^8.0",
    "ext-curl": "*",
    "ext-json": "*"
  },
  "platform-dev": [],
  "plugin-api-version": "2.6.0"
}
